
Microsoft Visual Studio Solution File, Format Version 12.00
# Visual Studio 15
Project("{FAE04EC0-301F-11D3-BF4B-00C04F79EFBC}") = "Unity.Timeline", "Unity.Timeline.csproj", "{8ED49124-C8C8-71C9-3361-A7F3A58B51E4}"
EndProject
Project("{FAE04EC0-301F-11D3-BF4B-00C04F79EFBC}") = "Unity.Timeline.Editor", "Unity.Timeline.Editor.csproj", "{348F8136-7352-094F-E8A3-DF51BE731159}"
EndProject
Project("{FAE04EC0-301F-11D3-BF4B-00C04F79EFBC}") = "Unity.TerrainTools.Editor", "Unity.TerrainTools.Editor.csproj", "{BD65E6AF-FDE5-294A-5FE8-C4DC9C7CEC43}"
EndProject
Project("{FAE04EC0-301F-11D3-BF4B-00C04F79EFBC}") = "Unity.ShaderGraph.Editor", "Unity.ShaderGraph.Editor.csproj", "{9192B5E8-745F-19D4-61FB-4559836611F2}"
EndProject
Project("{FAE04EC0-301F-11D3-BF4B-00C04F79EFBC}") = "Unity.RenderPipelines.Universal.Editor", "Unity.RenderPipelines.Universal.Editor.csproj", "{1FAE7FDE-6C50-D9DA-930F-187FE2C45E42}"
EndProject
Project("{FAE04EC0-301F-11D3-BF4B-00C04F79EFBC}") = "Unity.TextMeshPro.Editor", "Unity.TextMeshPro.Editor.csproj", "{2A4C12DC-9E4C-2F87-1CC9-02E9B712D8BC}"
EndProject
Project("{FAE04EC0-301F-11D3-BF4B-00C04F79EFBC}") = "Unity.VisualScripting.Flow", "Unity.VisualScripting.Flow.csproj", "{3B9380CE-E7F2-7696-8405-F5621357FD69}"
EndProject
Project("{FAE04EC0-301F-11D3-BF4B-00C04F79EFBC}") = "Unity.RenderPipelines.Universal.Runtime", "Unity.RenderPipelines.Universal.Runtime.csproj", "{9F391B14-79EE-AFAE-B99F-73330413B373}"
EndProject
Project("{FAE04EC0-301F-11D3-BF4B-00C04F79EFBC}") = "UnityEditor.UI", "UnityEditor.UI.csproj", "{BD36D3C1-460D-2A4A-6D01-710E36002DD5}"
EndProject
Project("{FAE04EC0-301F-11D3-BF4B-00C04F79EFBC}") = "Unity.PlasticSCM.Editor", "Unity.PlasticSCM.Editor.csproj", "{1F4A5527-EEF1-5944-542C-680418F8983B}"
EndProject
Project("{FAE04EC0-301F-11D3-BF4B-00C04F79EFBC}") = "Unity.RenderPipelines.Core.Runtime", "Unity.RenderPipelines.Core.Runtime.csproj", "{DDADA121-1BA4-CBF1-EC25-DEF74476DFB4}"
EndProject
Project("{FAE04EC0-301F-11D3-BF4B-00C04F79EFBC}") = "Unity.VisualScripting.Core", "Unity.VisualScripting.Core.csproj", "{2D072EB6-8E74-A5B4-9B33-ED693800A09C}"
EndProject
Project("{FAE04EC0-301F-11D3-BF4B-00C04F79EFBC}") = "Unity.Mathematics", "Unity.Mathematics.csproj", "{FDBB404F-4C2D-EDF0-EF6D-BCAA4D74EAB3}"
EndProject
Project("{FAE04EC0-301F-11D3-BF4B-00C04F79EFBC}") = "Unity.RenderPipelines.Core.Editor", "Unity.RenderPipelines.Core.Editor.csproj", "{178F808A-F654-7E4A-202E-27C1991C72CD}"
EndProject
Project("{FAE04EC0-301F-11D3-BF4B-00C04F79EFBC}") = "Unity.VisualScripting.Core.Editor", "Unity.VisualScripting.Core.Editor.csproj", "{1EF3912D-CD22-5C73-CCCD-A09880F95E1C}"
EndProject
Project("{FAE04EC0-301F-11D3-BF4B-00C04F79EFBC}") = "Unity.VisualScripting.Flow.Editor", "Unity.VisualScripting.Flow.Editor.csproj", "{5C91B3C7-EEE5-F873-C13E-27747BD71E87}"
EndProject
Project("{FAE04EC0-301F-11D3-BF4B-00C04F79EFBC}") = "UnityEditor.TestRunner", "UnityEditor.TestRunner.csproj", "{3E10A90B-AAE4-2DB0-F0B6-25FBD1553576}"
EndProject
Project("{FAE04EC0-301F-11D3-BF4B-00C04F79EFBC}") = "Unity.VisualScripting.SettingsProvider.Editor", "Unity.VisualScripting.SettingsProvider.Editor.csproj", "{BE1B9A02-9DFB-E633-D86D-6815EB5B0F6E}"
EndProject
Project("{FAE04EC0-301F-11D3-BF4B-00C04F79EFBC}") = "UnityEngine.TestRunner", "UnityEngine.TestRunner.csproj", "{06806908-7BDD-86CB-D008-B08BA4AA0631}"
EndProject
Project("{FAE04EC0-301F-11D3-BF4B-00C04F79EFBC}") = "Unity.Searcher.Editor", "Unity.Searcher.Editor.csproj", "{B07434AB-076B-3CCF-88B4-B4DF021C140D}"
EndProject
Project("{FAE04EC0-301F-11D3-BF4B-00C04F79EFBC}") = "Unity.Burst", "Unity.Burst.csproj", "{21DDF640-8F05-DEC5-C81C-814E4EFA15AD}"
EndProject
Project("{FAE04EC0-301F-11D3-BF4B-00C04F79EFBC}") = "UnityEngine.UI", "UnityEngine.UI.csproj", "{DEA508DD-FE1D-8A65-7B1B-1E4C15AE8C74}"
EndProject
Project("{FAE04EC0-301F-11D3-BF4B-00C04F79EFBC}") = "Unity.AI.Navigation.Editor", "Unity.AI.Navigation.Editor.csproj", "{4E39996B-C8D5-0336-21C8-B4BCB858FEC2}"
EndProject
Project("{FAE04EC0-301F-11D3-BF4B-00C04F79EFBC}") = "Assembly-CSharp", "Assembly-CSharp.csproj", "{9DA36ACF-AA3B-2629-A900-F78AE8120E53}"
EndProject
Project("{FAE04EC0-301F-11D3-BF4B-00C04F79EFBC}") = "Unity.VisualStudio.Editor", "Unity.VisualStudio.Editor.csproj", "{E718EE5C-BE02-4806-564E-AFDF12AEF23B}"
EndProject
Project("{FAE04EC0-301F-11D3-BF4B-00C04F79EFBC}") = "PPv2URPConverters", "PPv2URPConverters.csproj", "{71B21048-D938-C274-35FC-0EA99CCB9337}"
EndProject
Project("{FAE04EC0-301F-11D3-BF4B-00C04F79EFBC}") = "Unity.TestTools.CodeCoverage.Editor.OpenCover.Model", "Unity.TestTools.CodeCoverage.Editor.OpenCover.Model.csproj", "{8DDBB539-4CD3-DAC6-822E-7481ED8C5C30}"
EndProject
Project("{FAE04EC0-301F-11D3-BF4B-00C04F79EFBC}") = "Unity.Rider.Editor", "Unity.Rider.Editor.csproj", "{BA982DD0-A423-028E-2547-E2CEF7A8CF76}"
EndProject
Project("{FAE04EC0-301F-11D3-BF4B-00C04F79EFBC}") = "Unity.AI.Navigation", "Unity.AI.Navigation.csproj", "{23175C24-A10E-0BC2-CAE3-56D35A50B561}"
EndProject
Project("{FAE04EC0-301F-11D3-BF4B-00C04F79EFBC}") = "Unity.AI.Navigation.Editor.ConversionSystem", "Unity.AI.Navigation.Editor.ConversionSystem.csproj", "{50F12B1E-D133-1CED-93B9-45C7DA755F4C}"
EndProject
Project("{FAE04EC0-301F-11D3-BF4B-00C04F79EFBC}") = "Unity.VisualScripting.State.Editor", "Unity.VisualScripting.State.Editor.csproj", "{18A4EE7C-3443-464C-A8A4-EADBA5D21232}"
EndProject
Project("{FAE04EC0-301F-11D3-BF4B-00C04F79EFBC}") = "Unity.TestTools.CodeCoverage.Editor", "Unity.TestTools.CodeCoverage.Editor.csproj", "{247F008C-BB57-2051-FC80-2C360C07C166}"
EndProject
Project("{FAE04EC0-301F-11D3-BF4B-00C04F79EFBC}") = "Unity.Burst.CodeGen", "Unity.Burst.CodeGen.csproj", "{D7121B41-7683-54D2-C6B2-FB5D39922350}"
EndProject
Project("{FAE04EC0-301F-11D3-BF4B-00C04F79EFBC}") = "Unity.RenderPipeline.Universal.ShaderLibrary", "Unity.RenderPipeline.Universal.ShaderLibrary.csproj", "{3537E425-FB78-8818-F421-44E3514C3998}"
EndProject
Project("{FAE04EC0-301F-11D3-BF4B-00C04F79EFBC}") = "Unity.VisualScripting.State", "Unity.VisualScripting.State.csproj", "{5436734B-A404-44A1-9F56-7042AB246A90}"
EndProject
Project("{FAE04EC0-301F-11D3-BF4B-00C04F79EFBC}") = "Unity.TextMeshPro", "Unity.TextMeshPro.csproj", "{C8CDF4EB-923C-A961-DB51-DFC26CE30493}"
EndProject
Project("{FAE04EC0-301F-11D3-BF4B-00C04F79EFBC}") = "Unity.Performance.Profile-Analyzer.Editor", "Unity.Performance.Profile-Analyzer.Editor.csproj", "{9D0E0429-B382-CD9B-9E4F-644C748773B9}"
EndProject
Project("{FAE04EC0-301F-11D3-BF4B-00C04F79EFBC}") = "Unity.VSCode.Editor", "Unity.VSCode.Editor.csproj", "{7471004F-7AD9-1C79-FFF4-AC86AC8E5971}"
EndProject
Project("{FAE04EC0-301F-11D3-BF4B-00C04F79EFBC}") = "Unity.Burst.Editor", "Unity.Burst.Editor.csproj", "{C7A6966D-F4B4-CE7C-E2F4-59972F95E1D7}"
EndProject
Project("{FAE04EC0-301F-11D3-BF4B-00C04F79EFBC}") = "Unity.TestTools.CodeCoverage.Editor.OpenCover.Mono.Reflection", "Unity.TestTools.CodeCoverage.Editor.OpenCover.Mono.Reflection.csproj", "{0D71EFCA-6902-CC88-4040-200269C0A2F3}"
EndProject
Project("{FAE04EC0-301F-11D3-BF4B-00C04F79EFBC}") = "Unity.TerrainTools", "Unity.TerrainTools.csproj", "{EFBD3DEE-2F1A-F2C6-F9DA-BFEAEA591216}"
EndProject
Project("{FAE04EC0-301F-11D3-BF4B-00C04F79EFBC}") = "Unity.AI.Navigation.Updater", "Unity.AI.Navigation.Updater.csproj", "{3576340D-3607-B727-2E65-F1F59A1A6707}"
EndProject
Project("{FAE04EC0-301F-11D3-BF4B-00C04F79EFBC}") = "Unity.Settings.Editor", "Unity.Settings.Editor.csproj", "{2F08DE94-7C34-0C89-29DC-343459FC9A05}"
EndProject
Project("{FAE04EC0-301F-11D3-BF4B-00C04F79EFBC}") = "Unity.ShaderGraph.Utilities", "Unity.ShaderGraph.Utilities.csproj", "{0B90C5E6-A7F8-2B1A-5E54-A3DF5AF1DAE0}"
EndProject
Project("{FAE04EC0-301F-11D3-BF4B-00C04F79EFBC}") = "Unity.EditorCoroutines.Editor", "Unity.EditorCoroutines.Editor.csproj", "{EB4C4720-2F69-6D57-511E-666FB62146AE}"
EndProject
Project("{FAE04EC0-301F-11D3-BF4B-00C04F79EFBC}") = "Unity.Mathematics.Editor", "Unity.Mathematics.Editor.csproj", "{05F334F3-3C26-B576-13C4-4E8994A6800C}"
EndProject
Project("{FAE04EC0-301F-11D3-BF4B-00C04F79EFBC}") = "Unity.VisualScripting.Shared.Editor", "Unity.VisualScripting.Shared.Editor.csproj", "{41D38D0E-F719-8DC2-9142-EA0DE60BC7E6}"
EndProject
Project("{FAE04EC0-301F-11D3-BF4B-00C04F79EFBC}") = "Unity.CollabProxy.Editor", "Unity.CollabProxy.Editor.csproj", "{081F7CDF-76C1-04D0-3B10-FC9920ED2CEA}"
EndProject
Project("{FAE04EC0-301F-11D3-BF4B-00C04F79EFBC}") = "Unity.RenderPipelines.ShaderGraph.ShaderGraphLibrary", "Unity.RenderPipelines.ShaderGraph.ShaderGraphLibrary.csproj", "{F59D6021-CF1F-3D89-02F3-F3EF86050ABD}"
EndProject
Project("{FAE04EC0-301F-11D3-BF4B-00C04F79EFBC}") = "Unity.RenderPipelines.Core.ShaderLibrary", "Unity.RenderPipelines.Core.ShaderLibrary.csproj", "{A0E9CBED-DFFB-F6C4-C061-13C81D6A95BE}"
EndProject
Project("{FAE04EC0-301F-11D3-BF4B-00C04F79EFBC}") = "Unity.RenderPipelines.Universal.Shaders", "Unity.RenderPipelines.Universal.Shaders.csproj", "{C272B766-D141-88D0-FD42-42932927A0BB}"
EndProject
Global
	GlobalSection(SolutionConfigurationPlatforms) = preSolution
		Debug|Any CPU = Debug|Any CPU
		Release|Any CPU = Release|Any CPU
	EndGlobalSection
	GlobalSection(ProjectConfigurationPlatforms) = postSolution
		{8ED49124-C8C8-71C9-3361-A7F3A58B51E4}.Debug|Any CPU.ActiveCfg = Debug|Any CPU
		{8ED49124-C8C8-71C9-3361-A7F3A58B51E4}.Debug|Any CPU.Build.0 = Debug|Any CPU
		{8ED49124-C8C8-71C9-3361-A7F3A58B51E4}.Release|Any CPU.ActiveCfg = Release|Any CPU
		{8ED49124-C8C8-71C9-3361-A7F3A58B51E4}.Release|Any CPU.Build.0 = Release|Any CPU
		{348F8136-7352-094F-E8A3-DF51BE731159}.Debug|Any CPU.ActiveCfg = Debug|Any CPU
		{348F8136-7352-094F-E8A3-DF51BE731159}.Debug|Any CPU.Build.0 = Debug|Any CPU
		{348F8136-7352-094F-E8A3-DF51BE731159}.Release|Any CPU.ActiveCfg = Release|Any CPU
		{348F8136-7352-094F-E8A3-DF51BE731159}.Release|Any CPU.Build.0 = Release|Any CPU
		{BD65E6AF-FDE5-294A-5FE8-C4DC9C7CEC43}.Debug|Any CPU.ActiveCfg = Debug|Any CPU
		{BD65E6AF-FDE5-294A-5FE8-C4DC9C7CEC43}.Debug|Any CPU.Build.0 = Debug|Any CPU
		{BD65E6AF-FDE5-294A-5FE8-C4DC9C7CEC43}.Release|Any CPU.ActiveCfg = Release|Any CPU
		{BD65E6AF-FDE5-294A-5FE8-C4DC9C7CEC43}.Release|Any CPU.Build.0 = Release|Any CPU
		{9192B5E8-745F-19D4-61FB-4559836611F2}.Debug|Any CPU.ActiveCfg = Debug|Any CPU
		{9192B5E8-745F-19D4-61FB-4559836611F2}.Debug|Any CPU.Build.0 = Debug|Any CPU
		{9192B5E8-745F-19D4-61FB-4559836611F2}.Release|Any CPU.ActiveCfg = Release|Any CPU
		{9192B5E8-745F-19D4-61FB-4559836611F2}.Release|Any CPU.Build.0 = Release|Any CPU
		{1FAE7FDE-6C50-D9DA-930F-187FE2C45E42}.Debug|Any CPU.ActiveCfg = Debug|Any CPU
		{1FAE7FDE-6C50-D9DA-930F-187FE2C45E42}.Debug|Any CPU.Build.0 = Debug|Any CPU
		{1FAE7FDE-6C50-D9DA-930F-187FE2C45E42}.Release|Any CPU.ActiveCfg = Release|Any CPU
		{1FAE7FDE-6C50-D9DA-930F-187FE2C45E42}.Release|Any CPU.Build.0 = Release|Any CPU
		{2A4C12DC-9E4C-2F87-1CC9-02E9B712D8BC}.Debug|Any CPU.ActiveCfg = Debug|Any CPU
		{2A4C12DC-9E4C-2F87-1CC9-02E9B712D8BC}.Debug|Any CPU.Build.0 = Debug|Any CPU
		{2A4C12DC-9E4C-2F87-1CC9-02E9B712D8BC}.Release|Any CPU.ActiveCfg = Release|Any CPU
		{2A4C12DC-9E4C-2F87-1CC9-02E9B712D8BC}.Release|Any CPU.Build.0 = Release|Any CPU
		{3B9380CE-E7F2-7696-8405-F5621357FD69}.Debug|Any CPU.ActiveCfg = Debug|Any CPU
		{3B9380CE-E7F2-7696-8405-F5621357FD69}.Debug|Any CPU.Build.0 = Debug|Any CPU
		{3B9380CE-E7F2-7696-8405-F5621357FD69}.Release|Any CPU.ActiveCfg = Release|Any CPU
		{3B9380CE-E7F2-7696-8405-F5621357FD69}.Release|Any CPU.Build.0 = Release|Any CPU
		{9F391B14-79EE-AFAE-B99F-73330413B373}.Debug|Any CPU.ActiveCfg = Debug|Any CPU
		{9F391B14-79EE-AFAE-B99F-73330413B373}.Debug|Any CPU.Build.0 = Debug|Any CPU
		{9F391B14-79EE-AFAE-B99F-73330413B373}.Release|Any CPU.ActiveCfg = Release|Any CPU
		{9F391B14-79EE-AFAE-B99F-73330413B373}.Release|Any CPU.Build.0 = Release|Any CPU
		{BD36D3C1-460D-2A4A-6D01-710E36002DD5}.Debug|Any CPU.ActiveCfg = Debug|Any CPU
		{BD36D3C1-460D-2A4A-6D01-710E36002DD5}.Debug|Any CPU.Build.0 = Debug|Any CPU
		{BD36D3C1-460D-2A4A-6D01-710E36002DD5}.Release|Any CPU.ActiveCfg = Release|Any CPU
		{BD36D3C1-460D-2A4A-6D01-710E36002DD5}.Release|Any CPU.Build.0 = Release|Any CPU
		{1F4A5527-EEF1-5944-542C-680418F8983B}.Debug|Any CPU.ActiveCfg = Debug|Any CPU
		{1F4A5527-EEF1-5944-542C-680418F8983B}.Debug|Any CPU.Build.0 = Debug|Any CPU
		{1F4A5527-EEF1-5944-542C-680418F8983B}.Release|Any CPU.ActiveCfg = Release|Any CPU
		{1F4A5527-EEF1-5944-542C-680418F8983B}.Release|Any CPU.Build.0 = Release|Any CPU
		{DDADA121-1BA4-CBF1-EC25-DEF74476DFB4}.Debug|Any CPU.ActiveCfg = Debug|Any CPU
		{DDADA121-1BA4-CBF1-EC25-DEF74476DFB4}.Debug|Any CPU.Build.0 = Debug|Any CPU
		{DDADA121-1BA4-CBF1-EC25-DEF74476DFB4}.Release|Any CPU.ActiveCfg = Release|Any CPU
		{DDADA121-1BA4-CBF1-EC25-DEF74476DFB4}.Release|Any CPU.Build.0 = Release|Any CPU
		{2D072EB6-8E74-A5B4-9B33-ED693800A09C}.Debug|Any CPU.ActiveCfg = Debug|Any CPU
		{2D072EB6-8E74-A5B4-9B33-ED693800A09C}.Debug|Any CPU.Build.0 = Debug|Any CPU
		{2D072EB6-8E74-A5B4-9B33-ED693800A09C}.Release|Any CPU.ActiveCfg = Release|Any CPU
		{2D072EB6-8E74-A5B4-9B33-ED693800A09C}.Release|Any CPU.Build.0 = Release|Any CPU
		{FDBB404F-4C2D-EDF0-EF6D-BCAA4D74EAB3}.Debug|Any CPU.ActiveCfg = Debug|Any CPU
		{FDBB404F-4C2D-EDF0-EF6D-BCAA4D74EAB3}.Debug|Any CPU.Build.0 = Debug|Any CPU
		{FDBB404F-4C2D-EDF0-EF6D-BCAA4D74EAB3}.Release|Any CPU.ActiveCfg = Release|Any CPU
		{FDBB404F-4C2D-EDF0-EF6D-BCAA4D74EAB3}.Release|Any CPU.Build.0 = Release|Any CPU
		{178F808A-F654-7E4A-202E-27C1991C72CD}.Debug|Any CPU.ActiveCfg = Debug|Any CPU
		{178F808A-F654-7E4A-202E-27C1991C72CD}.Debug|Any CPU.Build.0 = Debug|Any CPU
		{178F808A-F654-7E4A-202E-27C1991C72CD}.Release|Any CPU.ActiveCfg = Release|Any CPU
		{178F808A-F654-7E4A-202E-27C1991C72CD}.Release|Any CPU.Build.0 = Release|Any CPU
		{1EF3912D-CD22-5C73-CCCD-A09880F95E1C}.Debug|Any CPU.ActiveCfg = Debug|Any CPU
		{1EF3912D-CD22-5C73-CCCD-A09880F95E1C}.Debug|Any CPU.Build.0 = Debug|Any CPU
		{1EF3912D-CD22-5C73-CCCD-A09880F95E1C}.Release|Any CPU.ActiveCfg = Release|Any CPU
		{1EF3912D-CD22-5C73-CCCD-A09880F95E1C}.Release|Any CPU.Build.0 = Release|Any CPU
		{5C91B3C7-EEE5-F873-C13E-27747BD71E87}.Debug|Any CPU.ActiveCfg = Debug|Any CPU
		{5C91B3C7-EEE5-F873-C13E-27747BD71E87}.Debug|Any CPU.Build.0 = Debug|Any CPU
		{5C91B3C7-EEE5-F873-C13E-27747BD71E87}.Release|Any CPU.ActiveCfg = Release|Any CPU
		{5C91B3C7-EEE5-F873-C13E-27747BD71E87}.Release|Any CPU.Build.0 = Release|Any CPU
		{3E10A90B-AAE4-2DB0-F0B6-25FBD1553576}.Debug|Any CPU.ActiveCfg = Debug|Any CPU
		{3E10A90B-AAE4-2DB0-F0B6-25FBD1553576}.Debug|Any CPU.Build.0 = Debug|Any CPU
		{3E10A90B-AAE4-2DB0-F0B6-25FBD1553576}.Release|Any CPU.ActiveCfg = Release|Any CPU
		{3E10A90B-AAE4-2DB0-F0B6-25FBD1553576}.Release|Any CPU.Build.0 = Release|Any CPU
		{BE1B9A02-9DFB-E633-D86D-6815EB5B0F6E}.Debug|Any CPU.ActiveCfg = Debug|Any CPU
		{BE1B9A02-9DFB-E633-D86D-6815EB5B0F6E}.Debug|Any CPU.Build.0 = Debug|Any CPU
		{BE1B9A02-9DFB-E633-D86D-6815EB5B0F6E}.Release|Any CPU.ActiveCfg = Release|Any CPU
		{BE1B9A02-9DFB-E633-D86D-6815EB5B0F6E}.Release|Any CPU.Build.0 = Release|Any CPU
		{06806908-7BDD-86CB-D008-B08BA4AA0631}.Debug|Any CPU.ActiveCfg = Debug|Any CPU
		{06806908-7BDD-86CB-D008-B08BA4AA0631}.Debug|Any CPU.Build.0 = Debug|Any CPU
		{06806908-7BDD-86CB-D008-B08BA4AA0631}.Release|Any CPU.ActiveCfg = Release|Any CPU
		{06806908-7BDD-86CB-D008-B08BA4AA0631}.Release|Any CPU.Build.0 = Release|Any CPU
		{B07434AB-076B-3CCF-88B4-B4DF021C140D}.Debug|Any CPU.ActiveCfg = Debug|Any CPU
		{B07434AB-076B-3CCF-88B4-B4DF021C140D}.Debug|Any CPU.Build.0 = Debug|Any CPU
		{B07434AB-076B-3CCF-88B4-B4DF021C140D}.Release|Any CPU.ActiveCfg = Release|Any CPU
		{B07434AB-076B-3CCF-88B4-B4DF021C140D}.Release|Any CPU.Build.0 = Release|Any CPU
		{21DDF640-8F05-DEC5-C81C-814E4EFA15AD}.Debug|Any CPU.ActiveCfg = Debug|Any CPU
		{21DDF640-8F05-DEC5-C81C-814E4EFA15AD}.Debug|Any CPU.Build.0 = Debug|Any CPU
		{21DDF640-8F05-DEC5-C81C-814E4EFA15AD}.Release|Any CPU.ActiveCfg = Release|Any CPU
		{21DDF640-8F05-DEC5-C81C-814E4EFA15AD}.Release|Any CPU.Build.0 = Release|Any CPU
		{DEA508DD-FE1D-8A65-7B1B-1E4C15AE8C74}.Debug|Any CPU.ActiveCfg = Debug|Any CPU
		{DEA508DD-FE1D-8A65-7B1B-1E4C15AE8C74}.Debug|Any CPU.Build.0 = Debug|Any CPU
		{DEA508DD-FE1D-8A65-7B1B-1E4C15AE8C74}.Release|Any CPU.ActiveCfg = Release|Any CPU
		{DEA508DD-FE1D-8A65-7B1B-1E4C15AE8C74}.Release|Any CPU.Build.0 = Release|Any CPU
		{4E39996B-C8D5-0336-21C8-B4BCB858FEC2}.Debug|Any CPU.ActiveCfg = Debug|Any CPU
		{4E39996B-C8D5-0336-21C8-B4BCB858FEC2}.Debug|Any CPU.Build.0 = Debug|Any CPU
		{4E39996B-C8D5-0336-21C8-B4BCB858FEC2}.Release|Any CPU.ActiveCfg = Release|Any CPU
		{4E39996B-C8D5-0336-21C8-B4BCB858FEC2}.Release|Any CPU.Build.0 = Release|Any CPU
		{9DA36ACF-AA3B-2629-A900-F78AE8120E53}.Debug|Any CPU.ActiveCfg = Debug|Any CPU
		{9DA36ACF-AA3B-2629-A900-F78AE8120E53}.Debug|Any CPU.Build.0 = Debug|Any CPU
		{9DA36ACF-AA3B-2629-A900-F78AE8120E53}.Release|Any CPU.ActiveCfg = Release|Any CPU
		{9DA36ACF-AA3B-2629-A900-F78AE8120E53}.Release|Any CPU.Build.0 = Release|Any CPU
		{E718EE5C-BE02-4806-564E-AFDF12AEF23B}.Debug|Any CPU.ActiveCfg = Debug|Any CPU
		{E718EE5C-BE02-4806-564E-AFDF12AEF23B}.Debug|Any CPU.Build.0 = Debug|Any CPU
		{E718EE5C-BE02-4806-564E-AFDF12AEF23B}.Release|Any CPU.ActiveCfg = Release|Any CPU
		{E718EE5C-BE02-4806-564E-AFDF12AEF23B}.Release|Any CPU.Build.0 = Release|Any CPU
		{71B21048-D938-C274-35FC-0EA99CCB9337}.Debug|Any CPU.ActiveCfg = Debug|Any CPU
		{71B21048-D938-C274-35FC-0EA99CCB9337}.Debug|Any CPU.Build.0 = Debug|Any CPU
		{71B21048-D938-C274-35FC-0EA99CCB9337}.Release|Any CPU.ActiveCfg = Release|Any CPU
		{71B21048-D938-C274-35FC-0EA99CCB9337}.Release|Any CPU.Build.0 = Release|Any CPU
		{8DDBB539-4CD3-DAC6-822E-7481ED8C5C30}.Debug|Any CPU.ActiveCfg = Debug|Any CPU
		{8DDBB539-4CD3-DAC6-822E-7481ED8C5C30}.Debug|Any CPU.Build.0 = Debug|Any CPU
		{8DDBB539-4CD3-DAC6-822E-7481ED8C5C30}.Release|Any CPU.ActiveCfg = Release|Any CPU
		{8DDBB539-4CD3-DAC6-822E-7481ED8C5C30}.Release|Any CPU.Build.0 = Release|Any CPU
		{BA982DD0-A423-028E-2547-E2CEF7A8CF76}.Debug|Any CPU.ActiveCfg = Debug|Any CPU
		{BA982DD0-A423-028E-2547-E2CEF7A8CF76}.Debug|Any CPU.Build.0 = Debug|Any CPU
		{BA982DD0-A423-028E-2547-E2CEF7A8CF76}.Release|Any CPU.ActiveCfg = Release|Any CPU
		{BA982DD0-A423-028E-2547-E2CEF7A8CF76}.Release|Any CPU.Build.0 = Release|Any CPU
		{23175C24-A10E-0BC2-CAE3-56D35A50B561}.Debug|Any CPU.ActiveCfg = Debug|Any CPU
		{23175C24-A10E-0BC2-CAE3-56D35A50B561}.Debug|Any CPU.Build.0 = Debug|Any CPU
		{23175C24-A10E-0BC2-CAE3-56D35A50B561}.Release|Any CPU.ActiveCfg = Release|Any CPU
		{23175C24-A10E-0BC2-CAE3-56D35A50B561}.Release|Any CPU.Build.0 = Release|Any CPU
		{50F12B1E-D133-1CED-93B9-45C7DA755F4C}.Debug|Any CPU.ActiveCfg = Debug|Any CPU
		{50F12B1E-D133-1CED-93B9-45C7DA755F4C}.Debug|Any CPU.Build.0 = Debug|Any CPU
		{50F12B1E-D133-1CED-93B9-45C7DA755F4C}.Release|Any CPU.ActiveCfg = Release|Any CPU
		{50F12B1E-D133-1CED-93B9-45C7DA755F4C}.Release|Any CPU.Build.0 = Release|Any CPU
		{18A4EE7C-3443-464C-A8A4-EADBA5D21232}.Debug|Any CPU.ActiveCfg = Debug|Any CPU
		{18A4EE7C-3443-464C-A8A4-EADBA5D21232}.Debug|Any CPU.Build.0 = Debug|Any CPU
		{18A4EE7C-3443-464C-A8A4-EADBA5D21232}.Release|Any CPU.ActiveCfg = Release|Any CPU
		{18A4EE7C-3443-464C-A8A4-EADBA5D21232}.Release|Any CPU.Build.0 = Release|Any CPU
		{247F008C-BB57-2051-FC80-2C360C07C166}.Debug|Any CPU.ActiveCfg = Debug|Any CPU
		{247F008C-BB57-2051-FC80-2C360C07C166}.Debug|Any CPU.Build.0 = Debug|Any CPU
		{247F008C-BB57-2051-FC80-2C360C07C166}.Release|Any CPU.ActiveCfg = Release|Any CPU
		{247F008C-BB57-2051-FC80-2C360C07C166}.Release|Any CPU.Build.0 = Release|Any CPU
		{D7121B41-7683-54D2-C6B2-FB5D39922350}.Debug|Any CPU.ActiveCfg = Debug|Any CPU
		{D7121B41-7683-54D2-C6B2-FB5D39922350}.Debug|Any CPU.Build.0 = Debug|Any CPU
		{D7121B41-7683-54D2-C6B2-FB5D39922350}.Release|Any CPU.ActiveCfg = Release|Any CPU
		{D7121B41-7683-54D2-C6B2-FB5D39922350}.Release|Any CPU.Build.0 = Release|Any CPU
		{3537E425-FB78-8818-F421-44E3514C3998}.Debug|Any CPU.ActiveCfg = Debug|Any CPU
		{3537E425-FB78-8818-F421-44E3514C3998}.Debug|Any CPU.Build.0 = Debug|Any CPU
		{3537E425-FB78-8818-F421-44E3514C3998}.Release|Any CPU.ActiveCfg = Release|Any CPU
		{3537E425-FB78-8818-F421-44E3514C3998}.Release|Any CPU.Build.0 = Release|Any CPU
		{5436734B-A404-44A1-9F56-7042AB246A90}.Debug|Any CPU.ActiveCfg = Debug|Any CPU
		{5436734B-A404-44A1-9F56-7042AB246A90}.Debug|Any CPU.Build.0 = Debug|Any CPU
		{5436734B-A404-44A1-9F56-7042AB246A90}.Release|Any CPU.ActiveCfg = Release|Any CPU
		{5436734B-A404-44A1-9F56-7042AB246A90}.Release|Any CPU.Build.0 = Release|Any CPU
		{C8CDF4EB-923C-A961-DB51-DFC26CE30493}.Debug|Any CPU.ActiveCfg = Debug|Any CPU
		{C8CDF4EB-923C-A961-DB51-DFC26CE30493}.Debug|Any CPU.Build.0 = Debug|Any CPU
		{C8CDF4EB-923C-A961-DB51-DFC26CE30493}.Release|Any CPU.ActiveCfg = Release|Any CPU
		{C8CDF4EB-923C-A961-DB51-DFC26CE30493}.Release|Any CPU.Build.0 = Release|Any CPU
		{9D0E0429-B382-CD9B-9E4F-644C748773B9}.Debug|Any CPU.ActiveCfg = Debug|Any CPU
		{9D0E0429-B382-CD9B-9E4F-644C748773B9}.Debug|Any CPU.Build.0 = Debug|Any CPU
		{9D0E0429-B382-CD9B-9E4F-644C748773B9}.Release|Any CPU.ActiveCfg = Release|Any CPU
		{9D0E0429-B382-CD9B-9E4F-644C748773B9}.Release|Any CPU.Build.0 = Release|Any CPU
		{7471004F-7AD9-1C79-FFF4-AC86AC8E5971}.Debug|Any CPU.ActiveCfg = Debug|Any CPU
		{7471004F-7AD9-1C79-FFF4-AC86AC8E5971}.Debug|Any CPU.Build.0 = Debug|Any CPU
		{7471004F-7AD9-1C79-FFF4-AC86AC8E5971}.Release|Any CPU.ActiveCfg = Release|Any CPU
		{7471004F-7AD9-1C79-FFF4-AC86AC8E5971}.Release|Any CPU.Build.0 = Release|Any CPU
		{C7A6966D-F4B4-CE7C-E2F4-59972F95E1D7}.Debug|Any CPU.ActiveCfg = Debug|Any CPU
		{C7A6966D-F4B4-CE7C-E2F4-59972F95E1D7}.Debug|Any CPU.Build.0 = Debug|Any CPU
		{C7A6966D-F4B4-CE7C-E2F4-59972F95E1D7}.Release|Any CPU.ActiveCfg = Release|Any CPU
		{C7A6966D-F4B4-CE7C-E2F4-59972F95E1D7}.Release|Any CPU.Build.0 = Release|Any CPU
		{0D71EFCA-6902-CC88-4040-200269C0A2F3}.Debug|Any CPU.ActiveCfg = Debug|Any CPU
		{0D71EFCA-6902-CC88-4040-200269C0A2F3}.Debug|Any CPU.Build.0 = Debug|Any CPU
		{0D71EFCA-6902-CC88-4040-200269C0A2F3}.Release|Any CPU.ActiveCfg = Release|Any CPU
		{0D71EFCA-6902-CC88-4040-200269C0A2F3}.Release|Any CPU.Build.0 = Release|Any CPU
		{EFBD3DEE-2F1A-F2C6-F9DA-BFEAEA591216}.Debug|Any CPU.ActiveCfg = Debug|Any CPU
		{EFBD3DEE-2F1A-F2C6-F9DA-BFEAEA591216}.Debug|Any CPU.Build.0 = Debug|Any CPU
		{EFBD3DEE-2F1A-F2C6-F9DA-BFEAEA591216}.Release|Any CPU.ActiveCfg = Release|Any CPU
		{EFBD3DEE-2F1A-F2C6-F9DA-BFEAEA591216}.Release|Any CPU.Build.0 = Release|Any CPU
		{3576340D-3607-B727-2E65-F1F59A1A6707}.Debug|Any CPU.ActiveCfg = Debug|Any CPU
		{3576340D-3607-B727-2E65-F1F59A1A6707}.Debug|Any CPU.Build.0 = Debug|Any CPU
		{3576340D-3607-B727-2E65-F1F59A1A6707}.Release|Any CPU.ActiveCfg = Release|Any CPU
		{3576340D-3607-B727-2E65-F1F59A1A6707}.Release|Any CPU.Build.0 = Release|Any CPU
		{2F08DE94-7C34-0C89-29DC-343459FC9A05}.Debug|Any CPU.ActiveCfg = Debug|Any CPU
		{2F08DE94-7C34-0C89-29DC-343459FC9A05}.Debug|Any CPU.Build.0 = Debug|Any CPU
		{2F08DE94-7C34-0C89-29DC-343459FC9A05}.Release|Any CPU.ActiveCfg = Release|Any CPU
		{2F08DE94-7C34-0C89-29DC-343459FC9A05}.Release|Any CPU.Build.0 = Release|Any CPU
		{0B90C5E6-A7F8-2B1A-5E54-A3DF5AF1DAE0}.Debug|Any CPU.ActiveCfg = Debug|Any CPU
		{0B90C5E6-A7F8-2B1A-5E54-A3DF5AF1DAE0}.Debug|Any CPU.Build.0 = Debug|Any CPU
		{0B90C5E6-A7F8-2B1A-5E54-A3DF5AF1DAE0}.Release|Any CPU.ActiveCfg = Release|Any CPU
		{0B90C5E6-A7F8-2B1A-5E54-A3DF5AF1DAE0}.Release|Any CPU.Build.0 = Release|Any CPU
		{EB4C4720-2F69-6D57-511E-666FB62146AE}.Debug|Any CPU.ActiveCfg = Debug|Any CPU
		{EB4C4720-2F69-6D57-511E-666FB62146AE}.Debug|Any CPU.Build.0 = Debug|Any CPU
		{EB4C4720-2F69-6D57-511E-666FB62146AE}.Release|Any CPU.ActiveCfg = Release|Any CPU
		{EB4C4720-2F69-6D57-511E-666FB62146AE}.Release|Any CPU.Build.0 = Release|Any CPU
		{05F334F3-3C26-B576-13C4-4E8994A6800C}.Debug|Any CPU.ActiveCfg = Debug|Any CPU
		{05F334F3-3C26-B576-13C4-4E8994A6800C}.Debug|Any CPU.Build.0 = Debug|Any CPU
		{05F334F3-3C26-B576-13C4-4E8994A6800C}.Release|Any CPU.ActiveCfg = Release|Any CPU
		{05F334F3-3C26-B576-13C4-4E8994A6800C}.Release|Any CPU.Build.0 = Release|Any CPU
		{41D38D0E-F719-8DC2-9142-EA0DE60BC7E6}.Debug|Any CPU.ActiveCfg = Debug|Any CPU
		{41D38D0E-F719-8DC2-9142-EA0DE60BC7E6}.Debug|Any CPU.Build.0 = Debug|Any CPU
		{41D38D0E-F719-8DC2-9142-EA0DE60BC7E6}.Release|Any CPU.ActiveCfg = Release|Any CPU
		{41D38D0E-F719-8DC2-9142-EA0DE60BC7E6}.Release|Any CPU.Build.0 = Release|Any CPU
		{081F7CDF-76C1-04D0-3B10-FC9920ED2CEA}.Debug|Any CPU.ActiveCfg = Debug|Any CPU
		{081F7CDF-76C1-04D0-3B10-FC9920ED2CEA}.Debug|Any CPU.Build.0 = Debug|Any CPU
		{081F7CDF-76C1-04D0-3B10-FC9920ED2CEA}.Release|Any CPU.ActiveCfg = Release|Any CPU
		{081F7CDF-76C1-04D0-3B10-FC9920ED2CEA}.Release|Any CPU.Build.0 = Release|Any CPU
		{F59D6021-CF1F-3D89-02F3-F3EF86050ABD}.Debug|Any CPU.ActiveCfg = Debug|Any CPU
		{F59D6021-CF1F-3D89-02F3-F3EF86050ABD}.Debug|Any CPU.Build.0 = Debug|Any CPU
		{F59D6021-CF1F-3D89-02F3-F3EF86050ABD}.Release|Any CPU.ActiveCfg = Release|Any CPU
		{F59D6021-CF1F-3D89-02F3-F3EF86050ABD}.Release|Any CPU.Build.0 = Release|Any CPU
		{A0E9CBED-DFFB-F6C4-C061-13C81D6A95BE}.Debug|Any CPU.ActiveCfg = Debug|Any CPU
		{A0E9CBED-DFFB-F6C4-C061-13C81D6A95BE}.Debug|Any CPU.Build.0 = Debug|Any CPU
		{A0E9CBED-DFFB-F6C4-C061-13C81D6A95BE}.Release|Any CPU.ActiveCfg = Release|Any CPU
		{A0E9CBED-DFFB-F6C4-C061-13C81D6A95BE}.Release|Any CPU.Build.0 = Release|Any CPU
		{C272B766-D141-88D0-FD42-42932927A0BB}.Debug|Any CPU.ActiveCfg = Debug|Any CPU
		{C272B766-D141-88D0-FD42-42932927A0BB}.Debug|Any CPU.Build.0 = Debug|Any CPU
		{C272B766-D141-88D0-FD42-42932927A0BB}.Release|Any CPU.ActiveCfg = Release|Any CPU
		{C272B766-D141-88D0-FD42-42932927A0BB}.Release|Any CPU.Build.0 = Release|Any CPU
	EndGlobalSection
	GlobalSection(SolutionProperties) = preSolution
		HideSolutionNode = FALSE
	EndGlobalSection
EndGlobal
