
Microsoft Visual Studio Solution File, Format Version 11.00
# Visual Studio 2010
Project("{FAE04EC0-301F-11D3-BF4B-00C04F79EFBC}") = "Assembly-CSharp", "Assembly-CSharp.csproj", "{cf6aa39d-3baa-2926-a900-f78ae8120e53}"
EndProject
Project("{FAE04EC0-301F-11D3-BF4B-00C04F79EFBC}") = "Assembly-CSharp-Editor", "Assembly-CSharp-Editor.csproj", "{f1b8be71-fa21-ecbc-6a20-38f1f82e1810}"
EndProject
Project("{FAE04EC0-301F-11D3-BF4B-00C04F79EFBC}") = "Polyperfect.Universal", "Polyperfect.Universal.csproj", "{ecd4b31b-80b3-8bb9-e242-892453b4b99d}"
EndProject
Project("{FAE04EC0-301F-11D3-BF4B-00C04F79EFBC}") = "Assembly-CSharp-firstpass", "Assembly-CSharp-firstpass.csproj", "{68b0fea2-3163-a5bc-db56-a8070a49effb}"
EndProject
Global
	GlobalSection(SolutionConfigurationPlatforms) = preSolution
		Debug|Any CPU = Debug|Any CPU
	EndGlobalSection
	GlobalSection(ProjectConfigurationPlatforms) = postSolution
		{cf6aa39d-3baa-2926-a900-f78ae8120e53}.Debug|Any CPU.ActiveCfg = Debug|Any CPU
		{cf6aa39d-3baa-2926-a900-f78ae8120e53}.Debug|Any CPU.Build.0 = Debug|Any CPU
		{f1b8be71-fa21-ecbc-6a20-38f1f82e1810}.Debug|Any CPU.ActiveCfg = Debug|Any CPU
		{f1b8be71-fa21-ecbc-6a20-38f1f82e1810}.Debug|Any CPU.Build.0 = Debug|Any CPU
		{ecd4b31b-80b3-8bb9-e242-892453b4b99d}.Debug|Any CPU.ActiveCfg = Debug|Any CPU
		{ecd4b31b-80b3-8bb9-e242-892453b4b99d}.Debug|Any CPU.Build.0 = Debug|Any CPU
		{68b0fea2-3163-a5bc-db56-a8070a49effb}.Debug|Any CPU.ActiveCfg = Debug|Any CPU
		{68b0fea2-3163-a5bc-db56-a8070a49effb}.Debug|Any CPU.Build.0 = Debug|Any CPU
	EndGlobalSection
	GlobalSection(SolutionProperties) = preSolution
		HideSolutionNode = FALSE
	EndGlobalSection
EndGlobal
